
Microsoft Visual Studio Solution File, Format Version 12.00
# Visual Studio Version 16
VisualStudioVersion = 16.0.30011.22
MinimumVisualStudioVersion = 10.0.40219.1
Project("{9A19103F-16F7-4668-BE54-9A1E7A4F7556}") = "DesignPatterns_Main", "DesignPatterns_Main\DesignPatterns_Main.csproj", "{BBED7D08-817D-475B-B803-E50CBB028F9B}"
EndProject
Project("{9A19103F-16F7-4668-BE54-9A1E7A4F7556}") = "FactoryMethod", "FactoryMethod\FactoryMethod.csproj", "{CC06B002-38DA-4836-933B-F98A47E63363}"
EndProject
Project("{FAE04EC0-301F-11D3-BF4B-00C04F79EFBC}") = "AbstractFactory", "AbstractFactory\AbstractFactory.csproj", "{D6477DF5-E5D7-43E5-B441-39784FAAB73C}"
EndProject
Project("{FAE04EC0-301F-11D3-BF4B-00C04F79EFBC}") = "Singleton", "Singleton\Singleton.csproj", "{FD41B825-DEB7-45AE-A38D-516D1484BD40}"
EndProject
Global
	GlobalSection(SolutionConfigurationPlatforms) = preSolution
		Debug|Any CPU = Debug|Any CPU
		Release|Any CPU = Release|Any CPU
	EndGlobalSection
	GlobalSection(ProjectConfigurationPlatforms) = postSolution
		{BBED7D08-817D-475B-B803-E50CBB028F9B}.Debug|Any CPU.ActiveCfg = Debug|Any CPU
		{BBED7D08-817D-475B-B803-E50CBB028F9B}.Debug|Any CPU.Build.0 = Debug|Any CPU
		{BBED7D08-817D-475B-B803-E50CBB028F9B}.Release|Any CPU.ActiveCfg = Release|Any CPU
		{BBED7D08-817D-475B-B803-E50CBB028F9B}.Release|Any CPU.Build.0 = Release|Any CPU
		{CC06B002-38DA-4836-933B-F98A47E63363}.Debug|Any CPU.ActiveCfg = Debug|Any CPU
		{CC06B002-38DA-4836-933B-F98A47E63363}.Debug|Any CPU.Build.0 = Debug|Any CPU
		{CC06B002-38DA-4836-933B-F98A47E63363}.Release|Any CPU.ActiveCfg = Release|Any CPU
		{CC06B002-38DA-4836-933B-F98A47E63363}.Release|Any CPU.Build.0 = Release|Any CPU
		{D6477DF5-E5D7-43E5-B441-39784FAAB73C}.Debug|Any CPU.ActiveCfg = Debug|Any CPU
		{D6477DF5-E5D7-43E5-B441-39784FAAB73C}.Debug|Any CPU.Build.0 = Debug|Any CPU
		{D6477DF5-E5D7-43E5-B441-39784FAAB73C}.Release|Any CPU.ActiveCfg = Release|Any CPU
		{D6477DF5-E5D7-43E5-B441-39784FAAB73C}.Release|Any CPU.Build.0 = Release|Any CPU
		{FD41B825-DEB7-45AE-A38D-516D1484BD40}.Debug|Any CPU.ActiveCfg = Debug|Any CPU
		{FD41B825-DEB7-45AE-A38D-516D1484BD40}.Debug|Any CPU.Build.0 = Debug|Any CPU
		{FD41B825-DEB7-45AE-A38D-516D1484BD40}.Release|Any CPU.ActiveCfg = Release|Any CPU
		{FD41B825-DEB7-45AE-A38D-516D1484BD40}.Release|Any CPU.Build.0 = Release|Any CPU
	EndGlobalSection
	GlobalSection(SolutionProperties) = preSolution
		HideSolutionNode = FALSE
	EndGlobalSection
	GlobalSection(ExtensibilityGlobals) = postSolution
		SolutionGuid = {BB98CDF1-AC25-4411-A504-3F2D95D55107}
	EndGlobalSection
EndGlobal
